
Microsoft Visual Studio Solution File, Format Version 11.00
# Visual C# Express 2010
Project("{FAE04EC0-301F-11D3-BF4B-00C04F79EFBC}") = "negocio", "ClassLibrary1\negocio.csproj", "{4F776C33-012A-4FFE-B306-E95A907813E0}"
EndProject
Project("{FAE04EC0-301F-11D3-BF4B-00C04F79EFBC}") = "XBee", "ClassLibrary2\XBee.csproj", "{9E7F7C0C-CF6D-4CD8-B03E-019C5955B6CD}"
EndProject
Project("{FAE04EC0-301F-11D3-BF4B-00C04F79EFBC}") = "Usuario", "Usuario\Usuario.csproj", "{93D78F91-5CFD-4486-9119-3A2D9E3FA16E}"
EndProject
Global
	GlobalSection(SolutionConfigurationPlatforms) = preSolution
		Debug|Any CPU = Debug|Any CPU
		Debug|Mixed Platforms = Debug|Mixed Platforms
		Debug|x86 = Debug|x86
		Release|Any CPU = Release|Any CPU
		Release|Mixed Platforms = Release|Mixed Platforms
		Release|x86 = Release|x86
	EndGlobalSection
	GlobalSection(ProjectConfigurationPlatforms) = postSolution
		{4F776C33-012A-4FFE-B306-E95A907813E0}.Debug|Any CPU.ActiveCfg = Debug|Any CPU
		{4F776C33-012A-4FFE-B306-E95A907813E0}.Debug|Any CPU.Build.0 = Debug|Any CPU
		{4F776C33-012A-4FFE-B306-E95A907813E0}.Debug|Mixed Platforms.ActiveCfg = Debug|Any CPU
		{4F776C33-012A-4FFE-B306-E95A907813E0}.Debug|Mixed Platforms.Build.0 = Debug|Any CPU
		{4F776C33-012A-4FFE-B306-E95A907813E0}.Debug|x86.ActiveCfg = Debug|Any CPU
		{4F776C33-012A-4FFE-B306-E95A907813E0}.Release|Any CPU.ActiveCfg = Release|Any CPU
		{4F776C33-012A-4FFE-B306-E95A907813E0}.Release|Any CPU.Build.0 = Release|Any CPU
		{4F776C33-012A-4FFE-B306-E95A907813E0}.Release|Mixed Platforms.ActiveCfg = Release|Any CPU
		{4F776C33-012A-4FFE-B306-E95A907813E0}.Release|Mixed Platforms.Build.0 = Release|Any CPU
		{4F776C33-012A-4FFE-B306-E95A907813E0}.Release|x86.ActiveCfg = Release|Any CPU
		{9E7F7C0C-CF6D-4CD8-B03E-019C5955B6CD}.Debug|Any CPU.ActiveCfg = Debug|Any CPU
		{9E7F7C0C-CF6D-4CD8-B03E-019C5955B6CD}.Debug|Any CPU.Build.0 = Debug|Any CPU
		{9E7F7C0C-CF6D-4CD8-B03E-019C5955B6CD}.Debug|Mixed Platforms.ActiveCfg = Debug|Any CPU
		{9E7F7C0C-CF6D-4CD8-B03E-019C5955B6CD}.Debug|Mixed Platforms.Build.0 = Debug|Any CPU
		{9E7F7C0C-CF6D-4CD8-B03E-019C5955B6CD}.Debug|x86.ActiveCfg = Debug|Any CPU
		{9E7F7C0C-CF6D-4CD8-B03E-019C5955B6CD}.Release|Any CPU.ActiveCfg = Release|Any CPU
		{9E7F7C0C-CF6D-4CD8-B03E-019C5955B6CD}.Release|Any CPU.Build.0 = Release|Any CPU
		{9E7F7C0C-CF6D-4CD8-B03E-019C5955B6CD}.Release|Mixed Platforms.ActiveCfg = Release|Any CPU
		{9E7F7C0C-CF6D-4CD8-B03E-019C5955B6CD}.Release|Mixed Platforms.Build.0 = Release|Any CPU
		{9E7F7C0C-CF6D-4CD8-B03E-019C5955B6CD}.Release|x86.ActiveCfg = Release|Any CPU
		{93D78F91-5CFD-4486-9119-3A2D9E3FA16E}.Debug|Any CPU.ActiveCfg = Debug|x86
		{93D78F91-5CFD-4486-9119-3A2D9E3FA16E}.Debug|Mixed Platforms.ActiveCfg = Debug|x86
		{93D78F91-5CFD-4486-9119-3A2D9E3FA16E}.Debug|Mixed Platforms.Build.0 = Debug|x86
		{93D78F91-5CFD-4486-9119-3A2D9E3FA16E}.Debug|x86.ActiveCfg = Debug|x86
		{93D78F91-5CFD-4486-9119-3A2D9E3FA16E}.Debug|x86.Build.0 = Debug|x86
		{93D78F91-5CFD-4486-9119-3A2D9E3FA16E}.Release|Any CPU.ActiveCfg = Release|x86
		{93D78F91-5CFD-4486-9119-3A2D9E3FA16E}.Release|Mixed Platforms.ActiveCfg = Release|x86
		{93D78F91-5CFD-4486-9119-3A2D9E3FA16E}.Release|Mixed Platforms.Build.0 = Release|x86
		{93D78F91-5CFD-4486-9119-3A2D9E3FA16E}.Release|x86.ActiveCfg = Release|x86
		{93D78F91-5CFD-4486-9119-3A2D9E3FA16E}.Release|x86.Build.0 = Release|x86
	EndGlobalSection
	GlobalSection(SolutionProperties) = preSolution
		HideSolutionNode = FALSE
	EndGlobalSection
EndGlobal
